
Microsoft Visual Studio Solution File, Format Version 12.00
# Visual Studio Version 17
VisualStudioVersion = 17.9.34728.123
MinimumVisualStudioVersion = 10.0.40219.1
Project("{FAE04EC0-301F-11D3-BF4B-00C04F79EFBC}") = "StoneWall", "StoneWall\StoneWall.csproj", "{96D8B5B1-454C-47E1-B9C4-7908157A42E5}"
EndProject
Global
	GlobalSection(SolutionConfigurationPlatforms) = preSolution
		Debug|Any CPU = Debug|Any CPU
		Release|Any CPU = Release|Any CPU
	EndGlobalSection
	GlobalSection(ProjectConfigurationPlatforms) = postSolution
		{96D8B5B1-454C-47E1-B9C4-7908157A42E5}.Debug|Any CPU.ActiveCfg = Debug|Any CPU
		{96D8B5B1-454C-47E1-B9C4-7908157A42E5}.Debug|Any CPU.Build.0 = Debug|Any CPU
		{96D8B5B1-454C-47E1-B9C4-7908157A42E5}.Release|Any CPU.ActiveCfg = Release|Any CPU
		{96D8B5B1-454C-47E1-B9C4-7908157A42E5}.Release|Any CPU.Build.0 = Release|Any CPU
	EndGlobalSection
	GlobalSection(SolutionProperties) = preSolution
		HideSolutionNode = FALSE
	EndGlobalSection
	GlobalSection(ExtensibilityGlobals) = postSolution
		SolutionGuid = {83A4839B-6AA9-4900-B61C-1F6546BCD68A}
	EndGlobalSection
EndGlobal
